{
  "name": "caniuse-cli",
  "version": "1.0.0",
  "lockfileVersion": 1,
  "requires": true,
  "dependencies": {
    "caniuse-db": {
      "version": "1.0.30000756",
      "resolved": "https://registry.npmjs.org/caniuse-db/-/caniuse-db-1.0.30000756.tgz",
      "integrity": "sha1-6TimuZFjDzDSJj3TRYvrZdNiJos="
    }
  }
}
